<?xml version="1.0" encoding="UTF-8" standalone="yes" ?>
<CodeBlocks_project_file>
	<FileVersion major="1" minor="6" />
	<Project>
		<Option title="dfu_tool_win" />
		<Option pch_mode="2" />
		<Option compiler="gcc" />
		<Build>
			<Target title="Debug">
				<Option output="/utils/dfutool" prefix_auto="1" extension_auto="1" />
				<Option object_output="obj/Debug/" />
				<Option type="1" />
				<Option compiler="gcc" />
				<Option parameters="-i C:\Glydways\B2\example_releases\firmware\atp\sample_primary_app.img" />
				<Compiler>
					<Add option="-Wall" />
					<Add option="-g" />
					<Add option="-DSTATIC_LINKING" />
					<Add directory="../dfu_tool_win" />
					<Add directory="../platform/include" />
					<Add directory="../interfaces/CAN/include" />
					<Add directory="C:/Glydways/bl_tools/dfu_tools/dfu_tool_win/" />
					<Add directory="../interfaces/Ethernet/include" />
					<Add directory="npcap-sdk-1.13/Include" />
					<Add directory="../common/include" />
					<Add directory="../config" />
					<Add directory="../../../B2/common/include" />
					<Add directory="../ini/include" />
					<Add directory="../ini/minIni/dev" />
				</Compiler>
				<Linker>
					<Add option="npcap-sdk-1.13\Lib\x64\wpcap.lib" />
					<Add option="npcap-sdk-1.13\Lib\x64\Packet.lib" />
					<Add option='&quot;C:\Program Files (x86)\Windows Kits\10\Lib\10.0.26100.0\um\x64\iphlpapi.lib&quot;' />
					<Add directory="npcap-sdk-1.13/Lib" />
					<Add directory="../../../../Program Files (x86)/Windows Kits/10/Lib/10.0.26100.0/um/x64" />
					<Add directory="../dfu_tool_win" />
				</Linker>
			</Target>
			<Target title="Release">
				<Option output="bin/Release/dfu_tool_win" prefix_auto="1" extension_auto="1" />
				<Option object_output="obj/Release/" />
				<Option type="1" />
				<Option compiler="gcc" />
				<Option parameters="-d -t 5000" />
				<Compiler>
					<Add option="-O2" />
				</Compiler>
				<Linker>
					<Add option="-s" />
				</Linker>
			</Target>
		</Build>
		<Compiler>
			<Add option="-Wall" />
			<Add option="-m64" />
			<Add option="-g" />
			<Add directory="../crypto/include" />
			<Add directory="../../../B2/dfu_protocol/dfu_client/include" />
			<Add directory="../../../B2/dfu_protocol/dfu_core/include" />
			<Add directory="../include" />
			<Add directory="../../../../Program Files/OpenSSL/include" />
			<Add directory="../../../../msys64/mingw64/include" />
		</Compiler>
		<Linker>
			<Add option="-m64" />
			<Add option="-lssl -lcrypto" />
			<Add library="ssl" />
			<Add library="crypto" />
			<Add library="ws2_32" />
			<Add library="mingw32" />
			<Add directory="../../../../Program Files/OpenSSL/lib" />
			<Add directory="../../../../msys64/mingw64/lib" />
		</Linker>
		<Unit filename="../../../B2/dfu_protocol/dfu_client/src/dev_list.c">
			<Option compilerVar="CC" />
		</Unit>
		<Unit filename="../../../B2/dfu_protocol/dfu_client/src/dfu_client.c">
			<Option compilerVar="CC" />
		</Unit>
		<Unit filename="../../../B2/dfu_protocol/dfu_client/src/dfu_client_api.c">
			<Option compilerVar="CC" />
		</Unit>
		<Unit filename="../../../B2/dfu_protocol/dfu_core/src/dfu_messages.c">
			<Option compilerVar="CC" />
		</Unit>
		<Unit filename="../../../B2/dfu_protocol/dfu_core/src/dfu_platform_utils.c">
			<Option compilerVar="CC" />
		</Unit>
		<Unit filename="../../../B2/dfu_protocol/dfu_core/src/dfu_proto_core.c">
			<Option compilerVar="CC" />
		</Unit>
		<Unit filename="../common/include/file_kvp.h" />
		<Unit filename="../common/include/general_utils.h" />
		<Unit filename="../common/include/image_xfer.h" />
		<Unit filename="../common/include/kvparse.h" />
		<Unit filename="../common/include/sequence_ops.h" />
		<Unit filename="../common/src/file_kvp.c">
			<Option compilerVar="CC" />
		</Unit>
		<Unit filename="../common/src/fw_manifest.c">
			<Option compilerVar="CC" />
		</Unit>
		<Unit filename="../common/src/fw_update_process.c">
			<Option compilerVar="CC" />
		</Unit>
		<Unit filename="../common/src/general_utils.c">
			<Option compilerVar="CC" />
		</Unit>
		<Unit filename="../common/src/image_xfer.c">
			<Option compilerVar="CC" />
		</Unit>
		<Unit filename="../common/src/kvparse.c">
			<Option compilerVar="CC" />
		</Unit>
		<Unit filename="../common/src/path_utils.c">
			<Option compilerVar="CC" />
		</Unit>
		<Unit filename="../common/src/sequence_ops.c">
			<Option compilerVar="CC" />
		</Unit>
		<Unit filename="../config/dfu_client_config.h" />
		<Unit filename="../config/dfu_proto_config.h" />
		<Unit filename="../crypto/src/dfu_client_crypto.c">
			<Option compilerVar="CC" />
		</Unit>
		<Unit filename="../dfu_tool.c">
			<Option compilerVar="CC" />
		</Unit>
		<Unit filename="../ini/minIni/dev/minIni.c">
			<Option compilerVar="CC" />
		</Unit>
		<Unit filename="../interfaces/Ethernet/include/ethernet_sockets.h" />
		<Unit filename="../interfaces/Ethernet/include/iface_enet.h" />
		<Unit filename="../interfaces/Ethernet/src/ethernet_sockets.c">
			<Option compilerVar="CC" />
		</Unit>
		<Unit filename="../interfaces/Ethernet/src/iface_enet.c">
			<Option compilerVar="CC" />
		</Unit>
		<Unit filename="../platform/include/async_timer.h" />
		<Unit filename="../platform/src/async_timer.c">
			<Option compilerVar="CC" />
		</Unit>
		<Unit filename="../server.h" />
		<Extensions>
			<lib_finder disable_auto="1" />
		</Extensions>
	</Project>
</CodeBlocks_project_file>
